
Microsoft Visual Studio Solution File, Format Version 12.00
# Visual Studio 15
VisualStudioVersion = 15.0.28307.572
MinimumVisualStudioVersion = 10.0.40219.1
Project("{FAE04EC0-301F-11D3-BF4B-00C04F79EFBC}") = "ArrayCounter", "ArrayCounter\ArrayCounter.csproj", "{923CCF93-9358-4364-8D0B-7F1C8FFF3C9E}"
EndProject
Global
	GlobalSection(SolutionConfigurationPlatforms) = preSolution
		Debug|Any CPU = Debug|Any CPU
		Release|Any CPU = Release|Any CPU
	EndGlobalSection
	GlobalSection(ProjectConfigurationPlatforms) = postSolution
		{923CCF93-9358-4364-8D0B-7F1C8FFF3C9E}.Debug|Any CPU.ActiveCfg = Debug|Any CPU
		{923CCF93-9358-4364-8D0B-7F1C8FFF3C9E}.Debug|Any CPU.Build.0 = Debug|Any CPU
		{923CCF93-9358-4364-8D0B-7F1C8FFF3C9E}.Release|Any CPU.ActiveCfg = Release|Any CPU
		{923CCF93-9358-4364-8D0B-7F1C8FFF3C9E}.Release|Any CPU.Build.0 = Release|Any CPU
	EndGlobalSection
	GlobalSection(SolutionProperties) = preSolution
		HideSolutionNode = FALSE
	EndGlobalSection
	GlobalSection(ExtensibilityGlobals) = postSolution
		SolutionGuid = {E088F129-FFD2-464D-9F75-A1EDD60CADF9}
	EndGlobalSection
EndGlobal
